
Microsoft Visual Studio Solution File, Format Version 11.00
# Visual Studio 2010
Project("{FAE04EC0-301F-11D3-BF4B-00C04F79EFBC}") = "BuildUtils", "BuildUtils.csproj", "{528C411B-B1BA-4DD5-8EDA-8C58E2CE9FDD}"
EndProject
Global
	GlobalSection(SolutionConfigurationPlatforms) = preSolution
		Debug|Any CPU = Debug|Any CPU
		Release|Any CPU = Release|Any CPU
	EndGlobalSection
	GlobalSection(ProjectConfigurationPlatforms) = postSolution
		{528C411B-B1BA-4DD5-8EDA-8C58E2CE9FDD}.Debug|Any CPU.ActiveCfg = Debug|Any CPU
		{528C411B-B1BA-4DD5-8EDA-8C58E2CE9FDD}.Debug|Any CPU.Build.0 = Debug|Any CPU
		{528C411B-B1BA-4DD5-8EDA-8C58E2CE9FDD}.Release|Any CPU.ActiveCfg = Release|Any CPU
		{528C411B-B1BA-4DD5-8EDA-8C58E2CE9FDD}.Release|Any CPU.Build.0 = Release|Any CPU
	EndGlobalSection
	GlobalSection(SolutionProperties) = preSolution
		HideSolutionNode = FALSE
	EndGlobalSection
EndGlobal
